Microsoft Visual Studio Solution File, Format Version 12.00
# Visual Studio Version 17
VisualStudioVersion = 17.5.2.0
MinimumVisualStudioVersion = 10.0.40219.1
Project("{FAE04EC0-301F-11D3-BF4B-00C04F79EFBC}") = "libdatadog", "windows\libdatadog.csproj", "{7330BA95-B6AA-D145-1FF7-7D335E6519CE}"
EndProject
Global
	GlobalSection(SolutionConfigurationPlatforms) = preSolution
		Debug|Any CPU = Debug|Any CPU
		Release|Any CPU = Release|Any CPU
	EndGlobalSection
	GlobalSection(ProjectConfigurationPlatforms) = postSolution
		{7330BA95-B6AA-D145-1FF7-7D335E6519CE}.Debug|Any CPU.ActiveCfg = Debug|Any CPU
		{7330BA95-B6AA-D145-1FF7-7D335E6519CE}.Debug|Any CPU.Build.0 = Debug|Any CPU
		{7330BA95-B6AA-D145-1FF7-7D335E6519CE}.Release|Any CPU.ActiveCfg = Release|Any CPU
		{7330BA95-B6AA-D145-1FF7-7D335E6519CE}.Release|Any CPU.Build.0 = Release|Any CPU
	EndGlobalSection
	GlobalSection(SolutionProperties) = preSolution
		HideSolutionNode = FALSE
	EndGlobalSection
	GlobalSection(ExtensibilityGlobals) = postSolution
		SolutionGuid = {BA36F37E-8B00-4337-AE6D-C7E25D820C29}
	EndGlobalSection
EndGlobal
